// !$*UTF8*$!
{
	archiveVersion = 1;
	classes = {
	};
	objectVersion = 46;
	objects = {

/* Begin PBXBuildFile section */
		353084A71BC9819C00DF7107 /* AppDelegate.swift in Sources */ = {isa = PBXBuildFile; fileRef = 353084A61BC9819C00DF7107 /* AppDelegate.swift */; };
		353084A91BC9819C00DF7107 /* art.scnassets in Resources */ = {isa = PBXBuildFile; fileRef = 353084A81BC9819C00DF7107 /* art.scnassets */; };
		353084AB1BC9819C00DF7107 /* GameViewController.swift in Sources */ = {isa = PBXBuildFile; fileRef = 353084AA1BC9819C00DF7107 /* GameViewController.swift */; };
		353084AE1BC9819C00DF7107 /* Main.storyboard in Resources */ = {isa = PBXBuildFile; fileRef = 353084AC1BC9819C00DF7107 /* Main.storyboard */; };
		353084B01BC9819C00DF7107 /* Images.xcassets in Resources */ = {isa = PBXBuildFile; fileRef = 353084AF1BC9819C00DF7107 /* Images.xcassets */; };
		353084B31BC9819C00DF7107 /* LaunchScreen.xib in Resources */ = {isa = PBXBuildFile; fileRef = 353084B11BC9819C00DF7107 /* LaunchScreen.xib */; };
		353084BF1BC9819C00DF7107 /* HvZTests.swift in Sources */ = {isa = PBXBuildFile; fileRef = 353084BE1BC9819C00DF7107 /* HvZTests.swift */; };
		353084CA1BC981E800DF7107 /* caterbitch.jpg in Resources */ = {isa = PBXBuildFile; fileRef = 353084C91BC981E800DF7107 /* caterbitch.jpg */; };
		353084CC1BC981F700DF7107 /* pikachu.jpg in Resources */ = {isa = PBXBuildFile; fileRef = 353084CB1BC981F700DF7107 /* pikachu.jpg */; };
/* End PBXBuildFile section */

/* Begin PBXContainerItemProxy section */
		353084B91BC9819C00DF7107 /* PBXContainerItemProxy */ = {
			isa = PBXContainerItemProxy;
			containerPortal = 353084991BC9819C00DF7107 /* Project object */;
			proxyType = 1;
			remoteGlobalIDString = 353084A01BC9819C00DF7107;
			remoteInfo = HvZ;
		};
/* End PBXContainerItemProxy section */

/* Begin PBXFileReference section */
		353084A11BC9819C00DF7107 /* HvZ.app */ = {isa = PBXFileReference; explicitFileType = wrapper.application; includeInIndex = 0; path = HvZ.app; sourceTree = BUILT_PRODUCTS_DIR; };
		353084A51BC9819C00DF7107 /* Info.plist */ = {isa = PBXFileReference; lastKnownFileType = text.plist.xml; path = Info.plist; sourceTree = "<group>"; };
		353084A61BC9819C00DF7107 /* AppDelegate.swift */ = {isa = PBXFileReference; lastKnownFileType = sourcecode.swift; path = AppDelegate.swift; sourceTree = "<group>"; };
		353084A81BC9819C00DF7107 /* art.scnassets */ = {isa = PBXFileReference; lastKnownFileType = wrapper.scnassets; path = art.scnassets; sourceTree = "<group>"; };
		353084AA1BC9819C00DF7107 /* GameViewController.swift */ = {isa = PBXFileReference; lastKnownFileType = sourcecode.swift; path = GameViewController.swift; sourceTree = "<group>"; };
		353084AD1BC9819C00DF7107 /* Base */ = {isa = PBXFileReference; lastKnownFileType = file.storyboard; name = Base; path = Base.lproj/Main.storyboard; sourceTree = "<group>"; };
		353084AF1BC9819C00DF7107 /* Images.xcassets */ = {isa = PBXFileReference; lastKnownFileType = folder.assetcatalog; path = Images.xcassets; sourceTree = "<group>"; };
		353084B21BC9819C00DF7107 /* Base */ = {isa = PBXFileReference; lastKnownFileType = file.xib; name = Base; path = Base.lproj/LaunchScreen.xib; sourceTree = "<group>"; };
		353084B81BC9819C00DF7107 /* HvZTests.xctest */ = {isa = PBXFileReference; explicitFileType = wrapper.cfbundle; includeInIndex = 0; path = HvZTests.xctest; sourceTree = BUILT_PRODUCTS_DIR; };
		353084BD1BC9819C00DF7107 /* Info.plist */ = {isa = PBXFileReference; lastKnownFileType = text.plist.xml; path = Info.plist; sourceTree = "<group>"; };
		353084BE1BC9819C00DF7107 /* HvZTests.swift */ = {isa = PBXFileReference; lastKnownFileType = sourcecode.swift; path = HvZTests.swift; sourceTree = "<group>"; };
		353084C91BC981E800DF7107 /* caterbitch.jpg */ = {isa = PBXFileReference; lastKnownFileType = image.jpeg; path = caterbitch.jpg; sourceTree = "<group>"; };
		353084CB1BC981F700DF7107 /* pikachu.jpg */ = {isa = PBXFileReference; lastKnownFileType = image.jpeg; path = pikachu.jpg; sourceTree = "<group>"; };
/* End PBXFileReference section */

/* Begin PBXFrameworksBuildPhase section */
		3530849E1BC9819C00DF7107 /* Frameworks */ = {
			isa = PBXFrameworksBuildPhase;
			buildActionMask = 2147483647;
			files = (
			);
			runOnlyForDeploymentPostprocessing = 0;
		};
		353084B51BC9819C00DF7107 /* Frameworks */ = {
			isa = PBXFrameworksBuildPhase;
			buildActionMask = 2147483647;
			files = (
			);
			runOnlyForDeploymentPostprocessing = 0;
		};
/* End PBXFrameworksBuildPhase section */

/* Begin PBXGroup section */
		353084981BC9819C00DF7107 = {
			isa = PBXGroup;
			children = (
				353084A31BC9819C00DF7107 /* HvZ */,
				353084BB1BC9819C00DF7107 /* HvZTests */,
				353084A21BC9819C00DF7107 /* Products */,
			);
			sourceTree = "<group>";
		};
		353084A21BC9819C00DF7107 /* Products */ = {
			isa = PBXGroup;
			children = (
				353084A11BC9819C00DF7107 /* HvZ.app */,
				353084B81BC9819C00DF7107 /* HvZTests.xctest */,
			);
			name = Products;
			sourceTree = "<group>";
		};
		353084A31BC9819C00DF7107 /* HvZ */ = {
			isa = PBXGroup;
			children = (
				353084A61BC9819C00DF7107 /* AppDelegate.swift */,
				353084A81BC9819C00DF7107 /* art.scnassets */,
				353084AA1BC9819C00DF7107 /* GameViewController.swift */,
				353084C81BC981AB00DF7107 /* sprites.atlas */,
				353084AF1BC9819C00DF7107 /* Images.xcassets */,
				353084B11BC9819C00DF7107 /* LaunchScreen.xib */,
				353084A41BC9819C00DF7107 /* Supporting Files */,
			);
			path = HvZ;
			sourceTree = "<group>";
		};
		353084A41BC9819C00DF7107 /* Supporting Files */ = {
			isa = PBXGroup;
			children = (
				353084A51BC9819C00DF7107 /* Info.plist */,
			);
			name = "Supporting Files";
			sourceTree = "<group>";
		};
		353084BB1BC9819C00DF7107 /* HvZTests */ = {
			isa = PBXGroup;
			children = (
				353084BE1BC9819C00DF7107 /* HvZTests.swift */,
				353084BC1BC9819C00DF7107 /* Supporting Files */,
			);
			path = HvZTests;
			sourceTree = "<group>";
		};
		353084BC1BC9819C00DF7107 /* Supporting Files */ = {
			isa = PBXGroup;
			children = (
				353084BD1BC9819C00DF7107 /* Info.plist */,
			);
			name = "Supporting Files";
			sourceTree = "<group>";
		};
		353084C81BC981AB00DF7107 /* sprites.atlas */ = {
			isa = PBXGroup;
			children = (
				353084CB1BC981F700DF7107 /* pikachu.jpg */,
				353084C91BC981E800DF7107 /* caterbitch.jpg */,
				353084AC1BC9819C00DF7107 /* Main.storyboard */,
			);
			name = sprites.atlas;
			sourceTree = "<group>";
		};
/* End PBXGroup section */

/* Begin PBXNativeTarget section */
		353084A01BC9819C00DF7107 /* HvZ */ = {
			isa = PBXNativeTarget;
			buildConfigurationList = 353084C21BC9819C00DF7107 /* Build configuration list for PBXNativeTarget "HvZ" */;
			buildPhases = (
				3530849D1BC9819C00DF7107 /* Sources */,
				3530849E1BC9819C00DF7107 /* Frameworks */,
				3530849F1BC9819C00DF7107 /* Resources */,
			);
			buildRules = (
			);
			dependencies = (
			);
			name = HvZ;
			productName = HvZ;
			productReference = 353084A11BC9819C00DF7107 /* HvZ.app */;
			productType = "com.apple.product-type.application";
		};
		353084B71BC9819C00DF7107 /* HvZTests */ = {
			isa = PBXNativeTarget;
			buildConfigurationList = 353084C51BC9819C00DF7107 /* Build configuration list for PBXNativeTarget "HvZTests" */;
			buildPhases = (
				353084B41BC9819C00DF7107 /* Sources */,
				353084B51BC9819C00DF7107 /* Frameworks */,
				353084B61BC9819C00DF7107 /* Resources */,
			);
			buildRules = (
			);
			dependencies = (
				353084BA1BC9819C00DF7107 /* PBXTargetDependency */,
			);
			name = HvZTests;
			productName = HvZTests;
			productReference = 353084B81BC9819C00DF7107 /* HvZTests.xctest */;
			productType = "com.apple.product-type.bundle.unit-test";
		};
/* End PBXNativeTarget section */

/* Begin PBXProject section */
		353084991BC9819C00DF7107 /* Project object */ = {
			isa = PBXProject;
			attributes = {
				LastUpgradeCheck = 0640;
				ORGANIZATIONNAME = WideAngle;
				TargetAttributes = {
					353084A01BC9819C00DF7107 = {
						CreatedOnToolsVersion = 6.4;
					};
					353084B71BC9819C00DF7107 = {
						CreatedOnToolsVersion = 6.4;
						TestTargetID = 353084A01BC9819C00DF7107;
					};
				};
			};
			buildConfigurationList = 3530849C1BC9819C00DF7107 /* Build configuration list for PBXProject "HvZ" */;
			compatibilityVersion = "Xcode 3.2";
			developmentRegion = English;
			hasScannedForEncodings = 0;
			knownRegions = (
				en,
				Base,
			);
			mainGroup = 353084981BC9819C00DF7107;
			productRefGroup = 353084A21BC9819C00DF7107 /* Products */;
			projectDirPath = "";
			projectRoot = "";
			targets = (
				353084A01BC9819C00DF7107 /* HvZ */,
				353084B71BC9819C00DF7107 /* HvZTests */,
			);
		};
/* End PBXProject section */

/* Begin PBXResourcesBuildPhase section */
		3530849F1BC9819C00DF7107 /* Resources */ = {
			isa = PBXResourcesBuildPhase;
			buildActionMask = 2147483647;
			files = (
				353084B31BC9819C00DF7107 /* LaunchScreen.xib in Resources */,
				353084CA1BC981E800DF7107 /* caterbitch.jpg in Resources */,
				353084B01BC9819C00DF7107 /* Images.xcassets in Resources */,
				353084A91BC9819C00DF7107 /* art.scnassets in Resources */,
				353084AE1BC9819C00DF7107 /* Main.storyboard in Resources */,
				353084CC1BC981F700DF7107 /* pikachu.jpg in Resources */,
			);
			runOnlyForDeploymentPostprocessing = 0;
		};
		353084B61BC9819C00DF7107 /* Resources */ = {
			isa = PBXResourcesBuildPhase;
			buildActionMask = 2147483647;
			files = (
			);
			runOnlyForDeploymentPostprocessing = 0;
		};
/* End PBXResourcesBuildPhase section */

/* Begin PBXSourcesBuildPhase section */
		3530849D1BC9819C00DF7107 /* Sources */ = {
			isa = PBXSourcesBuildPhase;
			buildActionMask = 2147483647;
			files = (
				353084AB1BC9819C00DF7107 /* GameViewController.swift in Sources */,
				353084A71BC9819C00DF7107 /* AppDelegate.swift in Sources */,
			);
			runOnlyForDeploymentPostprocessing = 0;
		};
		353084B41BC9819C00DF7107 /* Sources */ = {
			isa = PBXSourcesBuildPhase;
			buildActionMask = 2147483647;
			files = (
				353084BF1BC9819C00DF7107 /* HvZTests.swift in Sources */,
			);
			runOnlyForDeploymentPostprocessing = 0;
		};
/* End PBXSourcesBuildPhase section */

/* Begin PBXTargetDependency section */
		353084BA1BC9819C00DF7107 /* PBXTargetDependency */ = {
			isa = PBXTargetDependency;
			target = 353084A01BC9819C00DF7107 /* HvZ */;
			targetProxy = 353084B91BC9819C00DF7107 /* PBXContainerItemProxy */;
		};
/* End PBXTargetDependency section */

/* Begin PBXVariantGroup section */
		353084AC1BC9819C00DF7107 /* Main.storyboard */ = {
			isa = PBXVariantGroup;
			children = (
				353084AD1BC9819C00DF7107 /* Base */,
			);
			name = Main.storyboard;
			sourceTree = "<group>";
		};
		353084B11BC9819C00DF7107 /* LaunchScreen.xib */ = {
			isa = PBXVariantGroup;
			children = (
				353084B21BC9819C00DF7107 /* Base */,
			);
			name = LaunchScreen.xib;
			sourceTree = "<group>";
		};
/* End PBXVariantGroup section */

/* Begin XCBuildConfiguration section */
		353084C01BC9819C00DF7107 /* Debug */ = {
			isa = XCBuildConfiguration;
			buildSettings = {
				ALWAYS_SEARCH_USER_PATHS = NO;
				CLANG_CXX_LANGUAGE_STANDARD = "gnu++0x";
				CLANG_CXX_LIBRARY = "libc++";
				CLANG_ENABLE_MODULES = YES;
				CLANG_ENABLE_OBJC_ARC = YES;
				CLANG_WARN_BOOL_CONVERSION = YES;
				CLANG_WARN_CONSTANT_CONVERSION = YES;
				CLANG_WARN_DIRECT_OBJC_ISA_USAGE = YES_ERROR;
				CLANG_WARN_EMPTY_BODY = YES;
				CLANG_WARN_ENUM_CONVERSION = YES;
				CLANG_WARN_INT_CONVERSION = YES;
				CLANG_WARN_OBJC_ROOT_CLASS = YES_ERROR;
				CLANG_WARN_UNREACHABLE_CODE = YES;
				CLANG_WARN__DUPLICATE_METHOD_MATCH = YES;
				"CODE_SIGN_IDENTITY[sdk=iphoneos*]" = "iPhone Developer";
				COPY_PHASE_STRIP = NO;
				DEBUG_INFORMATION_FORMAT = "dwarf-with-dsym";
				ENABLE_STRICT_OBJC_MSGSEND = YES;
				GCC_C_LANGUAGE_STANDARD = gnu99;
				GCC_DYNAMIC_NO_PIC = NO;
				GCC_NO_COMMON_BLOCKS = YES;
				GCC_OPTIMIZATION_LEVEL = 0;
				GCC_PREPROCESSOR_DEFINITIONS = (
					"DEBUG=1",
					"$(inherited)",
				);
				GCC_SYMBOLS_PRIVATE_EXTERN = NO;
				GCC_WARN_64_TO_32_BIT_CONVERSION = YES;
				GCC_WARN_ABOUT_RETURN_TYPE = YES_ERROR;
				GCC_WARN_UNDECLARED_SELECTOR = YES;
				GCC_WARN_UNINITIALIZED_AUTOS = YES_AGGRESSIVE;
				GCC_WARN_UNUSED_FUNCTION = YES;
				GCC_WARN_UNUSED_VARIABLE = YES;
				IPHONEOS_DEPLOYMENT_TARGET = 8.4;
				MTL_ENABLE_DEBUG_INFO = YES;
				ONLY_ACTIVE_ARCH = YES;
				SDKROOT = iphoneos;
				SWIFT_OPTIMIZATION_LEVEL = "-Onone";
				TARGETED_DEVICE_FAMILY = "1,2";
			};
			name = Debug;
		};
		353084C11BC9819C00DF7107 /* Release */ = {
			isa = XCBuildConfiguration;
			buildSettings = {
				ALWAYS_SEARCH_USER_PATHS = NO;
				CLANG_CXX_LANGUAGE_STANDARD = "gnu++0x";
				CLANG_CXX_LIBRARY = "libc++";
				CLANG_ENABLE_MODULES = YES;
				CLANG_ENABLE_OBJC_ARC = YES;
				CLANG_WARN_BOOL_CONVERSION = YES;
				CLANG_WARN_CONSTANT_CONVERSION = YES;
				CLANG_WARN_DIRECT_OBJC_ISA_USAGE = YES_ERROR;
				CLANG_WARN_EMPTY_BODY = YES;
				CLANG_WARN_ENUM_CONVERSION = YES;
				CLANG_WARN_INT_CONVERSION = YES;
				CLANG_WARN_OBJC_ROOT_CLASS = YES_ERROR;
				CLANG_WARN_UNREACHABLE_CODE = YES;
				CLANG_WARN__DUPLICATE_METHOD_MATCH = YES;
				"CODE_SIGN_IDENTITY[sdk=iphoneos*]" = "iPhone Developer";
				COPY_PHASE_STRIP = NO;
				DEBUG_INFORMATION_FORMAT = "dwarf-with-dsym";
				ENABLE_NS_ASSERTIONS = NO;
				ENABLE_STRICT_OBJC_MSGSEND = YES;
				GCC_C_LANGUAGE_STANDARD = gnu99;
				GCC_NO_COMMON_BLOCKS = YES;
				GCC_WARN_64_TO_32_BIT_CONVERSION = YES;
				GCC_WARN_ABOUT_RETURN_TYPE = YES_ERROR;
				GCC_WARN_UNDECLARED_SELECTOR = YES;
				GCC_WARN_UNINITIALIZED_AUTOS = YES_AGGRESSIVE;
				GCC_WARN_UNUSED_FUNCTION = YES;
				GCC_WARN_UNUSED_VARIABLE = YES;
				IPHONEOS_DEPLOYMENT_TARGET = 8.4;
				MTL_ENABLE_DEBUG_INFO = NO;
				SDKROOT = iphoneos;
				TARGETED_DEVICE_FAMILY = "1,2";
				VALIDATE_PRODUCT = YES;
			};
			name = Release;
		};
		353084C31BC9819C00DF7107 /* Debug */ = {
			isa = XCBuildConfiguration;
			buildSettings = {
				ASSETCATALOG_COMPILER_APPICON_NAME = AppIcon;
				INFOPLIST_FILE = HvZ/Info.plist;
				LD_RUNPATH_SEARCH_PATHS = "$(inherited) @executable_path/Frameworks";
				PRODUCT_NAME = "$(TARGET_NAME)";
			};
			name = Debug;
		};
		353084C41BC9819C00DF7107 /* Release */ = {
			isa = XCBuildConfiguration;
			buildSettings = {
				ASSETCATALOG_COMPILER_APPICON_NAME = AppIcon;
				INFOPLIST_FILE = HvZ/Info.plist;
				LD_RUNPATH_SEARCH_PATHS = "$(inherited) @executable_path/Frameworks";
				PRODUCT_NAME = "$(TARGET_NAME)";
			};
			name = Release;
		};
		353084C61BC9819C00DF7107 /* Debug */ = {
			isa = XCBuildConfiguration;
			buildSettings = {
				BUNDLE_LOADER = "$(TEST_HOST)";
				FRAMEWORK_SEARCH_PATHS = (
					"$(SDKROOT)/Developer/Library/Frameworks",
					"$(inherited)",
				);
				GCC_PREPROCESSOR_DEFINITIONS = (
					"DEBUG=1",
					"$(inherited)",
				);
				INFOPLIST_FILE = HvZTests/Info.plist;
				LD_RUNPATH_SEARCH_PATHS = "$(inherited) @executable_path/Frameworks @loader_path/Frameworks";
				PRODUCT_NAME = "$(TARGET_NAME)";
				TEST_HOST = "$(BUILT_PRODUCTS_DIR)/HvZ.app/HvZ";
			};
			name = Debug;
		};
		353084C71BC9819C00DF7107 /* Release */ = {
			isa = XCBuildConfiguration;
			buildSettings = {
				BUNDLE_LOADER = "$(TEST_HOST)";
				FRAMEWORK_SEARCH_PATHS = (
					"$(SDKROOT)/Developer/Library/Frameworks",
					"$(inherited)",
				);
				INFOPLIST_FILE = HvZTests/Info.plist;
				LD_RUNPATH_SEARCH_PATHS = "$(inherited) @executable_path/Frameworks @loader_path/Frameworks";
				PRODUCT_NAME = "$(TARGET_NAME)";
				TEST_HOST = "$(BUILT_PRODUCTS_DIR)/HvZ.app/HvZ";
			};
			name = Release;
		};
/* End XCBuildConfiguration section */

/* Begin XCConfigurationList section */
		3530849C1BC9819C00DF7107 /* Build configuration list for PBXProject "HvZ" */ = {
			isa = XCConfigurationList;
			buildConfigurations = (
				353084C01BC9819C00DF7107 /* Debug */,
				353084C11BC9819C00DF7107 /* Release */,
			);
			defaultConfigurationIsVisible = 0;
			defaultConfigurationName = Release;
		};
		353084C21BC9819C00DF7107 /* Build configuration list for PBXNativeTarget "HvZ" */ = {
			isa = XCConfigurationList;
			buildConfigurations = (
				353084C31BC9819C00DF7107 /* Debug */,
				353084C41BC9819C00DF7107 /* Release */,
			);
			defaultConfigurationIsVisible = 0;
		};
		353084C51BC9819C00DF7107 /* Build configuration list for PBXNativeTarget "HvZTests" */ = {
			isa = XCConfigurationList;
			buildConfigurations = (
				353084C61BC9819C00DF7107 /* Debug */,
				353084C71BC9819C00DF7107 /* Release */,
			);
			defaultConfigurationIsVisible = 0;
		};
/* End XCConfigurationList section */
	};
	rootObject = 353084991BC9819C00DF7107 /* Project object */;
}
